// !$*UTF8*$!
{
	archiveVersion = 1;
	classes = {
	};
	objectVersion = 46;
	objects = {

/* Begin PBXBuildFile section */
		49AA5F6E1C48DB40001FBCBE /* SFUIGlobalNotifications.swift in Sources */ = {isa = PBXBuildFile; fileRef = 49AA5F6D1C48DB40001FBCBE /* SFUIGlobalNotifications.swift */; };
		49AA5F711C48EB31001FBCBE /* NSImage+Extensions.swift in Sources */ = {isa = PBXBuildFile; fileRef = 49AA5F701C48EB31001FBCBE /* NSImage+Extensions.swift */; };
		8A706F561C22B39300D8A220 /* AppDelegate.swift in Sources */ = {isa = PBXBuildFile; fileRef = 8A706F551C22B39300D8A220 /* AppDelegate.swift */; };
		8A706F581C22B39300D8A220 /* ViewController.swift in Sources */ = {isa = PBXBuildFile; fileRef = 8A706F571C22B39300D8A220 /* ViewController.swift */; };
		8A706F5A1C22B39300D8A220 /* Assets.xcassets in Resources */ = {isa = PBXBuildFile; fileRef = 8A706F591C22B39300D8A220 /* Assets.xcassets */; };
		8A706F5D1C22B39300D8A220 /* Main.storyboard in Resources */ = {isa = PBXBuildFile; fileRef = 8A706F5B1C22B39300D8A220 /* Main.storyboard */; };
		8A706F661C22BBE600D8A220 /* SFUINetworkManager.swift in Sources */ = {isa = PBXBuildFile; fileRef = 8A706F651C22BBE600D8A220 /* SFUINetworkManager.swift */; };
/* End PBXBuildFile section */

/* Begin PBXFileReference section */
		49AA5F6D1C48DB40001FBCBE /* SFUIGlobalNotifications.swift */ = {isa = PBXFileReference; fileEncoding = 4; lastKnownFileType = sourcecode.swift; path = SFUIGlobalNotifications.swift; sourceTree = "<group>"; };
		49AA5F701C48EB31001FBCBE /* NSImage+Extensions.swift */ = {isa = PBXFileReference; fileEncoding = 4; lastKnownFileType = sourcecode.swift; path = "NSImage+Extensions.swift"; sourceTree = "<group>"; };
		8A706F521C22B39300D8A220 /* StockfighterUI.app */ = {isa = PBXFileReference; explicitFileType = wrapper.application; includeInIndex = 0; path = StockfighterUI.app; sourceTree = BUILT_PRODUCTS_DIR; };
		8A706F551C22B39300D8A220 /* AppDelegate.swift */ = {isa = PBXFileReference; lastKnownFileType = sourcecode.swift; path = AppDelegate.swift; sourceTree = "<group>"; };
		8A706F571C22B39300D8A220 /* ViewController.swift */ = {isa = PBXFileReference; lastKnownFileType = sourcecode.swift; path = ViewController.swift; sourceTree = "<group>"; };
		8A706F591C22B39300D8A220 /* Assets.xcassets */ = {isa = PBXFileReference; lastKnownFileType = folder.assetcatalog; path = Assets.xcassets; sourceTree = "<group>"; };
		8A706F5C1C22B39300D8A220 /* Base */ = {isa = PBXFileReference; lastKnownFileType = file.storyboard; name = Base; path = Base.lproj/Main.storyboard; sourceTree = "<group>"; };
		8A706F5E1C22B39300D8A220 /* Info.plist */ = {isa = PBXFileReference; lastKnownFileType = text.plist.xml; path = Info.plist; sourceTree = "<group>"; };
		8A706F651C22BBE600D8A220 /* SFUINetworkManager.swift */ = {isa = PBXFileReference; fileEncoding = 4; lastKnownFileType = sourcecode.swift; path = SFUINetworkManager.swift; sourceTree = "<group>"; };
/* End PBXFileReference section */

/* Begin PBXFrameworksBuildPhase section */
		8A706F4F1C22B39300D8A220 /* Frameworks */ = {
			isa = PBXFrameworksBuildPhase;
			buildActionMask = 2147483647;
			files = (
			);
			runOnlyForDeploymentPostprocessing = 0;
		};
/* End PBXFrameworksBuildPhase section */

/* Begin PBXGroup section */
		49AA5F6F1C48EAF4001FBCBE /* Exstensions */ = {
			isa = PBXGroup;
			children = (
				49AA5F701C48EB31001FBCBE /* NSImage+Extensions.swift */,
			);
			name = Exstensions;
			sourceTree = "<group>";
		};
		8A706F491C22B39300D8A220 = {
			isa = PBXGroup;
			children = (
				8A706F541C22B39300D8A220 /* StockfighterUI */,
				8A706F531C22B39300D8A220 /* Products */,
			);
			sourceTree = "<group>";
		};
		8A706F531C22B39300D8A220 /* Products */ = {
			isa = PBXGroup;
			children = (
				8A706F521C22B39300D8A220 /* StockfighterUI.app */,
			);
			name = Products;
			sourceTree = "<group>";
		};
		8A706F541C22B39300D8A220 /* StockfighterUI */ = {
			isa = PBXGroup;
			children = (
				49AA5F6F1C48EAF4001FBCBE /* Exstensions */,
				8A706F641C22BBC000D8A220 /* Managers */,
				8A706F551C22B39300D8A220 /* AppDelegate.swift */,
				8A706F571C22B39300D8A220 /* ViewController.swift */,
				8A706F591C22B39300D8A220 /* Assets.xcassets */,
				8A706F5B1C22B39300D8A220 /* Main.storyboard */,
				8A706F5E1C22B39300D8A220 /* Info.plist */,
				49AA5F6D1C48DB40001FBCBE /* SFUIGlobalNotifications.swift */,
			);
			path = StockfighterUI;
			sourceTree = "<group>";
		};
		8A706F641C22BBC000D8A220 /* Managers */ = {
			isa = PBXGroup;
			children = (
				8A706F651C22BBE600D8A220 /* SFUINetworkManager.swift */,
			);
			name = Managers;
			sourceTree = "<group>";
		};
/* End PBXGroup section */

/* Begin PBXNativeTarget section */
		8A706F511C22B39300D8A220 /* StockfighterUI */ = {
			isa = PBXNativeTarget;
			buildConfigurationList = 8A706F611C22B39300D8A220 /* Build configuration list for PBXNativeTarget "StockfighterUI" */;
			buildPhases = (
				8A706F4E1C22B39300D8A220 /* Sources */,
				8A706F4F1C22B39300D8A220 /* Frameworks */,
				8A706F501C22B39300D8A220 /* Resources */,
			);
			buildRules = (
			);
			dependencies = (
			);
			name = StockfighterUI;
			productName = StockfighterUI;
			productReference = 8A706F521C22B39300D8A220 /* StockfighterUI.app */;
			productType = "com.apple.product-type.application";
		};
/* End PBXNativeTarget section */

/* Begin PBXProject section */
		8A706F4A1C22B39300D8A220 /* Project object */ = {
			isa = PBXProject;
			attributes = {
				LastSwiftUpdateCheck = 0710;
				LastUpgradeCheck = 0820;
				ORGANIZATIONNAME = "Oleksii BIlous";
				TargetAttributes = {
					8A706F511C22B39300D8A220 = {
						CreatedOnToolsVersion = 7.1.1;
						LastSwiftMigration = 0820;
					};
				};
			};
			buildConfigurationList = 8A706F4D1C22B39300D8A220 /* Build configuration list for PBXProject "StockfighterUI" */;
			compatibilityVersion = "Xcode 3.2";
			developmentRegion = English;
			hasScannedForEncodings = 0;
			knownRegions = (
				en,
				Base,
			);
			mainGroup = 8A706F491C22B39300D8A220;
			productRefGroup = 8A706F531C22B39300D8A220 /* Products */;
			projectDirPath = "";
			projectRoot = "";
			targets = (
				8A706F511C22B39300D8A220 /* StockfighterUI */,
			);
		};
/* End PBXProject section */

/* Begin PBXResourcesBuildPhase section */
		8A706F501C22B39300D8A220 /* Resources */ = {
			isa = PBXResourcesBuildPhase;
			buildActionMask = 2147483647;
			files = (
				8A706F5A1C22B39300D8A220 /* Assets.xcassets in Resources */,
				8A706F5D1C22B39300D8A220 /* Main.storyboard in Resources */,
			);
			runOnlyForDeploymentPostprocessing = 0;
		};
/* End PBXResourcesBuildPhase section */

/* Begin PBXSourcesBuildPhase section */
		8A706F4E1C22B39300D8A220 /* Sources */ = {
			isa = PBXSourcesBuildPhase;
			buildActionMask = 2147483647;
			files = (
				8A706F581C22B39300D8A220 /* ViewController.swift in Sources */,
				8A706F661C22BBE600D8A220 /* SFUINetworkManager.swift in Sources */,
				49AA5F6E1C48DB40001FBCBE /* SFUIGlobalNotifications.swift in Sources */,
				49AA5F711C48EB31001FBCBE /* NSImage+Extensions.swift in Sources */,
				8A706F561C22B39300D8A220 /* AppDelegate.swift in Sources */,
			);
			runOnlyForDeploymentPostprocessing = 0;
		};
/* End PBXSourcesBuildPhase section */

/* Begin PBXVariantGroup section */
		8A706F5B1C22B39300D8A220 /* Main.storyboard */ = {
			isa = PBXVariantGroup;
			children = (
				8A706F5C1C22B39300D8A220 /* Base */,
			);
			name = Main.storyboard;
			sourceTree = "<group>";
		};
/* End PBXVariantGroup section */

/* Begin XCBuildConfiguration section */
		8A706F5F1C22B39300D8A220 /* Debug */ = {
			isa = XCBuildConfiguration;
			buildSettings = {
				ALWAYS_SEARCH_USER_PATHS = NO;
				CLANG_CXX_LANGUAGE_STANDARD = "gnu++0x";
				CLANG_CXX_LIBRARY = "libc++";
				CLANG_ENABLE_MODULES = YES;
				CLANG_ENABLE_OBJC_ARC = YES;
				CLANG_WARN_BOOL_CONVERSION = YES;
				CLANG_WARN_CONSTANT_CONVERSION = YES;
				CLANG_WARN_DIRECT_OBJC_ISA_USAGE = YES_ERROR;
				CLANG_WARN_EMPTY_BODY = YES;
				CLANG_WARN_ENUM_CONVERSION = YES;
				CLANG_WARN_INFINITE_RECURSION = YES;
				CLANG_WARN_INT_CONVERSION = YES;
				CLANG_WARN_OBJC_ROOT_CLASS = YES_ERROR;
				CLANG_WARN_SUSPICIOUS_MOVE = YES;
				CLANG_WARN_UNREACHABLE_CODE = YES;
				CLANG_WARN__DUPLICATE_METHOD_MATCH = YES;
				CODE_SIGN_IDENTITY = "-";
				COPY_PHASE_STRIP = NO;
				DEBUG_INFORMATION_FORMAT = dwarf;
				ENABLE_STRICT_OBJC_MSGSEND = YES;
				ENABLE_TESTABILITY = YES;
				GCC_C_LANGUAGE_STANDARD = gnu99;
				GCC_DYNAMIC_NO_PIC = NO;
				GCC_NO_COMMON_BLOCKS = YES;
				GCC_OPTIMIZATION_LEVEL = 0;
				GCC_PREPROCESSOR_DEFINITIONS = (
					"DEBUG=1",
					"$(inherited)",
				);
				GCC_WARN_64_TO_32_BIT_CONVERSION = YES;
				GCC_WARN_ABOUT_RETURN_TYPE = YES_ERROR;
				GCC_WARN_UNDECLARED_SELECTOR = YES;
				GCC_WARN_UNINITIALIZED_AUTOS = YES_AGGRESSIVE;
				GCC_WARN_UNUSED_FUNCTION = YES;
				GCC_WARN_UNUSED_VARIABLE = YES;
				MACOSX_DEPLOYMENT_TARGET = 10.11;
				MTL_ENABLE_DEBUG_INFO = YES;
				ONLY_ACTIVE_ARCH = YES;
				SDKROOT = macosx;
				SWIFT_OPTIMIZATION_LEVEL = "-Onone";
			};
			name = Debug;
		};
		8A706F601C22B39300D8A220 /* Release */ = {
			isa = XCBuildConfiguration;
			buildSettings = {
				ALWAYS_SEARCH_USER_PATHS = NO;
				CLANG_CXX_LANGUAGE_STANDARD = "gnu++0x";
				CLANG_CXX_LIBRARY = "libc++";
				CLANG_ENABLE_MODULES = YES;
				CLANG_ENABLE_OBJC_ARC = YES;
				CLANG_WARN_BOOL_CONVERSION = YES;
				CLANG_WARN_CONSTANT_CONVERSION = YES;
				CLANG_WARN_DIRECT_OBJC_ISA_USAGE = YES_ERROR;
				CLANG_WARN_EMPTY_BODY = YES;
				CLANG_WARN_ENUM_CONVERSION = YES;
				CLANG_WARN_INFINITE_RECURSION = YES;
				CLANG_WARN_INT_CONVERSION = YES;
				CLANG_WARN_OBJC_ROOT_CLASS = YES_ERROR;
				CLANG_WARN_SUSPICIOUS_MOVE = YES;
				CLANG_WARN_UNREACHABLE_CODE = YES;
				CLANG_WARN__DUPLICATE_METHOD_MATCH = YES;
				CODE_SIGN_IDENTITY = "-";
				COPY_PHASE_STRIP = NO;
				DEBUG_INFORMATION_FORMAT = "dwarf-with-dsym";
				ENABLE_NS_ASSERTIONS = NO;
				ENABLE_STRICT_OBJC_MSGSEND = YES;
				GCC_C_LANGUAGE_STANDARD = gnu99;
				GCC_NO_COMMON_BLOCKS = YES;
				GCC_WARN_64_TO_32_BIT_CONVERSION = YES;
				GCC_WARN_ABOUT_RETURN_TYPE = YES_ERROR;
				GCC_WARN_UNDECLARED_SELECTOR = YES;
				GCC_WARN_UNINITIALIZED_AUTOS = YES_AGGRESSIVE;
				GCC_WARN_UNUSED_FUNCTION = YES;
				GCC_WARN_UNUSED_VARIABLE = YES;
				MACOSX_DEPLOYMENT_TARGET = 10.11;
				MTL_ENABLE_DEBUG_INFO = NO;
				SDKROOT = macosx;
				SWIFT_OPTIMIZATION_LEVEL = "-Owholemodule";
			};
			name = Release;
		};
		8A706F621C22B39300D8A220 /* Debug */ = {
			isa = XCBuildConfiguration;
			buildSettings = {
				ASSETCATALOG_COMPILER_APPICON_NAME = AppIcon;
				COMBINE_HIDPI_IMAGES = YES;
				INFOPLIST_FILE = StockfighterUI/Info.plist;
				LD_RUNPATH_SEARCH_PATHS = "$(inherited) @executable_path/../Frameworks";
				PRODUCT_BUNDLE_IDENTIFIER = Test.StockfighterUI;
				PRODUCT_NAME = "$(TARGET_NAME)";
				SWIFT_VERSION = 3.0;
			};
			name = Debug;
		};
		8A706F631C22B39300D8A220 /* Release */ = {
			isa = XCBuildConfiguration;
			buildSettings = {
				ASSETCATALOG_COMPILER_APPICON_NAME = AppIcon;
				COMBINE_HIDPI_IMAGES = YES;
				INFOPLIST_FILE = StockfighterUI/Info.plist;
				LD_RUNPATH_SEARCH_PATHS = "$(inherited) @executable_path/../Frameworks";
				PRODUCT_BUNDLE_IDENTIFIER = Test.StockfighterUI;
				PRODUCT_NAME = "$(TARGET_NAME)";
				SWIFT_VERSION = 3.0;
			};
			name = Release;
		};
/* End XCBuildConfiguration section */

/* Begin XCConfigurationList section */
		8A706F4D1C22B39300D8A220 /* Build configuration list for PBXProject "StockfighterUI" */ = {
			isa = XCConfigurationList;
			buildConfigurations = (
				8A706F5F1C22B39300D8A220 /* Debug */,
				8A706F601C22B39300D8A220 /* Release */,
			);
			defaultConfigurationIsVisible = 0;
			defaultConfigurationName = Release;
		};
		8A706F611C22B39300D8A220 /* Build configuration list for PBXNativeTarget "StockfighterUI" */ = {
			isa = XCConfigurationList;
			buildConfigurations = (
				8A706F621C22B39300D8A220 /* Debug */,
				8A706F631C22B39300D8A220 /* Release */,
			);
			defaultConfigurationIsVisible = 0;
			defaultConfigurationName = Release;
		};
/* End XCConfigurationList section */
	};
	rootObject = 8A706F4A1C22B39300D8A220 /* Project object */;
}
